
Microsoft Visual Studio Solution File, Format Version 12.00
# Visual Studio Version 17
VisualStudioVersion = 17.4.33110.190
MinimumVisualStudioVersion = 10.0.40219.1
Project("{9A19103F-16F7-4668-BE54-9A1E7A4F7556}") = "Comex", "Comex\Comex.csproj", "{52DF9A93-D449-4CC8-B76F-94427492EDA8}"
EndProject
Project("{9A19103F-16F7-4668-BE54-9A1E7A4F7556}") = "Comex.Testes", "Comex.Testes\Comex.Testes.csproj", "{9B382A26-4E52-44ED-8352-D1F4AD8CF6B0}"
EndProject
Project("{FAE04EC0-301F-11D3-BF4B-00C04F79EFBC}") = "Comex.Models", "Comex.Models\Comex.Models.csproj", "{97CACAEF-8AFF-42D0-92B3-DA87CCEE984A}"
EndProject
Global
	GlobalSection(SolutionConfigurationPlatforms) = preSolution
		Debug|Any CPU = Debug|Any CPU
		Release|Any CPU = Release|Any CPU
	EndGlobalSection
	GlobalSection(ProjectConfigurationPlatforms) = postSolution
		{52DF9A93-D449-4CC8-B76F-94427492EDA8}.Debug|Any CPU.ActiveCfg = Debug|Any CPU
		{52DF9A93-D449-4CC8-B76F-94427492EDA8}.Debug|Any CPU.Build.0 = Debug|Any CPU
		{52DF9A93-D449-4CC8-B76F-94427492EDA8}.Release|Any CPU.ActiveCfg = Release|Any CPU
		{52DF9A93-D449-4CC8-B76F-94427492EDA8}.Release|Any CPU.Build.0 = Release|Any CPU
		{9B382A26-4E52-44ED-8352-D1F4AD8CF6B0}.Debug|Any CPU.ActiveCfg = Debug|Any CPU
		{9B382A26-4E52-44ED-8352-D1F4AD8CF6B0}.Debug|Any CPU.Build.0 = Debug|Any CPU
		{9B382A26-4E52-44ED-8352-D1F4AD8CF6B0}.Release|Any CPU.ActiveCfg = Release|Any CPU
		{9B382A26-4E52-44ED-8352-D1F4AD8CF6B0}.Release|Any CPU.Build.0 = Release|Any CPU
		{97CACAEF-8AFF-42D0-92B3-DA87CCEE984A}.Debug|Any CPU.ActiveCfg = Debug|Any CPU
		{97CACAEF-8AFF-42D0-92B3-DA87CCEE984A}.Debug|Any CPU.Build.0 = Debug|Any CPU
		{97CACAEF-8AFF-42D0-92B3-DA87CCEE984A}.Release|Any CPU.ActiveCfg = Release|Any CPU
		{97CACAEF-8AFF-42D0-92B3-DA87CCEE984A}.Release|Any CPU.Build.0 = Release|Any CPU
	EndGlobalSection
	GlobalSection(SolutionProperties) = preSolution
		HideSolutionNode = FALSE
	EndGlobalSection
	GlobalSection(ExtensibilityGlobals) = postSolution
		SolutionGuid = {7C2F0F0B-8880-40C3-8099-3337C94E2962}
	EndGlobalSection
EndGlobal
