
Microsoft Visual Studio Solution File, Format Version 12.00
# Visual Studio Version 17
VisualStudioVersion = 17.4.33110.190
MinimumVisualStudioVersion = 10.0.40219.1
Project("{FAE04EC0-301F-11D3-BF4B-00C04F79EFBC}") = "Comex", "Comex\Comex.csproj", "{2319DE1C-082F-472F-A68B-D08E16BB355D}"
EndProject
Global
	GlobalSection(SolutionConfigurationPlatforms) = preSolution
		Debug|Any CPU = Debug|Any CPU
		Release|Any CPU = Release|Any CPU
	EndGlobalSection
	GlobalSection(ProjectConfigurationPlatforms) = postSolution
		{2319DE1C-082F-472F-A68B-D08E16BB355D}.Debug|Any CPU.ActiveCfg = Debug|Any CPU
		{2319DE1C-082F-472F-A68B-D08E16BB355D}.Debug|Any CPU.Build.0 = Debug|Any CPU
		{2319DE1C-082F-472F-A68B-D08E16BB355D}.Release|Any CPU.ActiveCfg = Release|Any CPU
		{2319DE1C-082F-472F-A68B-D08E16BB355D}.Release|Any CPU.Build.0 = Release|Any CPU
	EndGlobalSection
	GlobalSection(SolutionProperties) = preSolution
		HideSolutionNode = FALSE
	EndGlobalSection
	GlobalSection(ExtensibilityGlobals) = postSolution
		SolutionGuid = {3A7601EC-FC1C-4C0B-98BF-1DEE8C0B408E}
	EndGlobalSection
EndGlobal
