
Microsoft Visual Studio Solution File, Format Version 12.00
# Visual Studio Version 17
VisualStudioVersion = 17.4.33110.190
MinimumVisualStudioVersion = 10.0.40219.1
Project("{FAE04EC0-301F-11D3-BF4B-00C04F79EFBC}") = "Média da Turma", "Média da Turma\Média da Turma.csproj", "{2BDA9540-A290-43BF-AD4E-628A085DD845}"
EndProject
Global
	GlobalSection(SolutionConfigurationPlatforms) = preSolution
		Debug|Any CPU = Debug|Any CPU
		Release|Any CPU = Release|Any CPU
	EndGlobalSection
	GlobalSection(ProjectConfigurationPlatforms) = postSolution
		{2BDA9540-A290-43BF-AD4E-628A085DD845}.Debug|Any CPU.ActiveCfg = Debug|Any CPU
		{2BDA9540-A290-43BF-AD4E-628A085DD845}.Debug|Any CPU.Build.0 = Debug|Any CPU
		{2BDA9540-A290-43BF-AD4E-628A085DD845}.Release|Any CPU.ActiveCfg = Release|Any CPU
		{2BDA9540-A290-43BF-AD4E-628A085DD845}.Release|Any CPU.Build.0 = Release|Any CPU
	EndGlobalSection
	GlobalSection(SolutionProperties) = preSolution
		HideSolutionNode = FALSE
	EndGlobalSection
	GlobalSection(ExtensibilityGlobals) = postSolution
		SolutionGuid = {FED80384-181C-4BE3-8EA7-EF8D830F781F}
	EndGlobalSection
EndGlobal
