
Microsoft Visual Studio Solution File, Format Version 12.00
# Visual Studio Version 17
VisualStudioVersion = 17.4.33110.190
MinimumVisualStudioVersion = 10.0.40219.1
Project("{9A19103F-16F7-4668-BE54-9A1E7A4F7556}") = "Média da Turma", "Numeros Ímpares de 1 a 100\Média da Turma.csproj", "{9B3F6181-B6CF-4EB0-837D-F44E3DBAA594}"
EndProject
Global
	GlobalSection(SolutionConfigurationPlatforms) = preSolution
		Debug|Any CPU = Debug|Any CPU
		Release|Any CPU = Release|Any CPU
	EndGlobalSection
	GlobalSection(ProjectConfigurationPlatforms) = postSolution
		{9B3F6181-B6CF-4EB0-837D-F44E3DBAA594}.Debug|Any CPU.ActiveCfg = Debug|Any CPU
		{9B3F6181-B6CF-4EB0-837D-F44E3DBAA594}.Debug|Any CPU.Build.0 = Debug|Any CPU
		{9B3F6181-B6CF-4EB0-837D-F44E3DBAA594}.Release|Any CPU.ActiveCfg = Release|Any CPU
		{9B3F6181-B6CF-4EB0-837D-F44E3DBAA594}.Release|Any CPU.Build.0 = Release|Any CPU
	EndGlobalSection
	GlobalSection(SolutionProperties) = preSolution
		HideSolutionNode = FALSE
	EndGlobalSection
	GlobalSection(ExtensibilityGlobals) = postSolution
		SolutionGuid = {256E02BE-E28A-42D3-AA80-964854C69450}
	EndGlobalSection
EndGlobal
