
Microsoft Visual Studio Solution File, Format Version 12.00
# Visual Studio Version 17
VisualStudioVersion = 17.4.33110.190
MinimumVisualStudioVersion = 10.0.40219.1
Project("{FAE04EC0-301F-11D3-BF4B-00C04F79EFBC}") = "IMPARESde1a100", "IMPARESde1a100\IMPARESde1a100.csproj", "{200A0E72-0B84-457F-8840-2157C83FDB9C}"
EndProject
Global
	GlobalSection(SolutionConfigurationPlatforms) = preSolution
		Debug|Any CPU = Debug|Any CPU
		Release|Any CPU = Release|Any CPU
	EndGlobalSection
	GlobalSection(ProjectConfigurationPlatforms) = postSolution
		{200A0E72-0B84-457F-8840-2157C83FDB9C}.Debug|Any CPU.ActiveCfg = Debug|Any CPU
		{200A0E72-0B84-457F-8840-2157C83FDB9C}.Debug|Any CPU.Build.0 = Debug|Any CPU
		{200A0E72-0B84-457F-8840-2157C83FDB9C}.Release|Any CPU.ActiveCfg = Release|Any CPU
		{200A0E72-0B84-457F-8840-2157C83FDB9C}.Release|Any CPU.Build.0 = Release|Any CPU
	EndGlobalSection
	GlobalSection(SolutionProperties) = preSolution
		HideSolutionNode = FALSE
	EndGlobalSection
	GlobalSection(ExtensibilityGlobals) = postSolution
		SolutionGuid = {63150485-8A5F-40AE-B83A-CD390D9F9F10}
	EndGlobalSection
EndGlobal
