
Microsoft Visual Studio Solution File, Format Version 12.00
# Visual Studio Version 17
VisualStudioVersion = 17.4.33103.184
MinimumVisualStudioVersion = 10.0.40219.1
Project("{9A19103F-16F7-4668-BE54-9A1E7A4F7556}") = "Comex", "Comex\Comex.csproj", "{055DF2CD-142E-416F-BA29-0EFB3BD6A194}"
EndProject
Project("{9A19103F-16F7-4668-BE54-9A1E7A4F7556}") = "Comex.Testes", "Comex.Testes\Comex.Testes.csproj", "{D1FC5708-4276-4615-B808-D442A38237FA}"
EndProject
Project("{9A19103F-16F7-4668-BE54-9A1E7A4F7556}") = "Comex.Models", "Comex.Models\Comex.Models.csproj", "{A7F98753-3B82-4AB1-BE3A-850E59EDA87B}"
EndProject
Project("{FAE04EC0-301F-11D3-BF4B-00C04F79EFBC}") = "Comex.Web", "Comex.Web\Comex.Web.csproj", "{6CC41DF6-DBA3-44F9-9282-2F4C79318A55}"
EndProject
Global
	GlobalSection(SolutionConfigurationPlatforms) = preSolution
		Debug|Any CPU = Debug|Any CPU
		Release|Any CPU = Release|Any CPU
	EndGlobalSection
	GlobalSection(ProjectConfigurationPlatforms) = postSolution
		{055DF2CD-142E-416F-BA29-0EFB3BD6A194}.Debug|Any CPU.ActiveCfg = Debug|Any CPU
		{055DF2CD-142E-416F-BA29-0EFB3BD6A194}.Debug|Any CPU.Build.0 = Debug|Any CPU
		{055DF2CD-142E-416F-BA29-0EFB3BD6A194}.Release|Any CPU.ActiveCfg = Release|Any CPU
		{055DF2CD-142E-416F-BA29-0EFB3BD6A194}.Release|Any CPU.Build.0 = Release|Any CPU
		{D1FC5708-4276-4615-B808-D442A38237FA}.Debug|Any CPU.ActiveCfg = Debug|Any CPU
		{D1FC5708-4276-4615-B808-D442A38237FA}.Debug|Any CPU.Build.0 = Debug|Any CPU
		{D1FC5708-4276-4615-B808-D442A38237FA}.Release|Any CPU.ActiveCfg = Release|Any CPU
		{D1FC5708-4276-4615-B808-D442A38237FA}.Release|Any CPU.Build.0 = Release|Any CPU
		{A7F98753-3B82-4AB1-BE3A-850E59EDA87B}.Debug|Any CPU.ActiveCfg = Debug|Any CPU
		{A7F98753-3B82-4AB1-BE3A-850E59EDA87B}.Debug|Any CPU.Build.0 = Debug|Any CPU
		{A7F98753-3B82-4AB1-BE3A-850E59EDA87B}.Release|Any CPU.ActiveCfg = Release|Any CPU
		{A7F98753-3B82-4AB1-BE3A-850E59EDA87B}.Release|Any CPU.Build.0 = Release|Any CPU
		{6CC41DF6-DBA3-44F9-9282-2F4C79318A55}.Debug|Any CPU.ActiveCfg = Debug|Any CPU
		{6CC41DF6-DBA3-44F9-9282-2F4C79318A55}.Debug|Any CPU.Build.0 = Debug|Any CPU
		{6CC41DF6-DBA3-44F9-9282-2F4C79318A55}.Release|Any CPU.ActiveCfg = Release|Any CPU
		{6CC41DF6-DBA3-44F9-9282-2F4C79318A55}.Release|Any CPU.Build.0 = Release|Any CPU
	EndGlobalSection
	GlobalSection(SolutionProperties) = preSolution
		HideSolutionNode = FALSE
	EndGlobalSection
	GlobalSection(ExtensibilityGlobals) = postSolution
		SolutionGuid = {1E32A399-325F-442E-86EF-7068C8181B47}
	EndGlobalSection
EndGlobal
