
Microsoft Visual Studio Solution File, Format Version 12.00
# Visual Studio Version 17
VisualStudioVersion = 17.4.33110.190
MinimumVisualStudioVersion = 10.0.40219.1
Project("{9A19103F-16F7-4668-BE54-9A1E7A4F7556}") = "Comex", "Comex\Comex.csproj", "{5B3761F7-3004-453F-BA4F-A87B0458553D}"
EndProject
Project("{2150E333-8FDC-42A3-9474-1A3956D46DE8}") = "Solution Items", "Solution Items", "{9DCD11A3-DD30-4D8D-8415-6B9451E5BE5D}"
	ProjectSection(SolutionItems) = preProject
		.editorconfig = .editorconfig
	EndProjectSection
EndProject
Project("{9A19103F-16F7-4668-BE54-9A1E7A4F7556}") = "Comex.Models", "Comex.Models\Comex.Models.csproj", "{DE833729-BA0B-419B-A94B-881D01810E21}"
EndProject
Project("{FAE04EC0-301F-11D3-BF4B-00C04F79EFBC}") = "Comex.Utils", "Comex.Utils\Comex.Utils.csproj", "{102D37AE-EC22-4B3E-801D-CC2201A27763}"
EndProject
Global
	GlobalSection(SolutionConfigurationPlatforms) = preSolution
		Debug|Any CPU = Debug|Any CPU
		Release|Any CPU = Release|Any CPU
	EndGlobalSection
	GlobalSection(ProjectConfigurationPlatforms) = postSolution
		{5B3761F7-3004-453F-BA4F-A87B0458553D}.Debug|Any CPU.ActiveCfg = Debug|Any CPU
		{5B3761F7-3004-453F-BA4F-A87B0458553D}.Debug|Any CPU.Build.0 = Debug|Any CPU
		{5B3761F7-3004-453F-BA4F-A87B0458553D}.Release|Any CPU.ActiveCfg = Release|Any CPU
		{5B3761F7-3004-453F-BA4F-A87B0458553D}.Release|Any CPU.Build.0 = Release|Any CPU
		{DE833729-BA0B-419B-A94B-881D01810E21}.Debug|Any CPU.ActiveCfg = Debug|Any CPU
		{DE833729-BA0B-419B-A94B-881D01810E21}.Debug|Any CPU.Build.0 = Debug|Any CPU
		{DE833729-BA0B-419B-A94B-881D01810E21}.Release|Any CPU.ActiveCfg = Release|Any CPU
		{DE833729-BA0B-419B-A94B-881D01810E21}.Release|Any CPU.Build.0 = Release|Any CPU
		{102D37AE-EC22-4B3E-801D-CC2201A27763}.Debug|Any CPU.ActiveCfg = Debug|Any CPU
		{102D37AE-EC22-4B3E-801D-CC2201A27763}.Debug|Any CPU.Build.0 = Debug|Any CPU
		{102D37AE-EC22-4B3E-801D-CC2201A27763}.Release|Any CPU.ActiveCfg = Release|Any CPU
		{102D37AE-EC22-4B3E-801D-CC2201A27763}.Release|Any CPU.Build.0 = Release|Any CPU
	EndGlobalSection
	GlobalSection(SolutionProperties) = preSolution
		HideSolutionNode = FALSE
	EndGlobalSection
	GlobalSection(ExtensibilityGlobals) = postSolution
		SolutionGuid = {96BAFCBF-146C-48C0-9F8D-FF2A3ECC7E38}
	EndGlobalSection
EndGlobal
